// !$*UTF8*$!
{
	archiveVersion = 1;
	classes = {
	};
	objectVersion = 48;
	objects = {

/* Begin PBXBuildFile section */
		D688EFAA1FC92EEC009ADB57 /* AppDelegate.swift in Sources */ = {isa = PBXBuildFile; fileRef = D688EFA91FC92EEC009ADB57 /* AppDelegate.swift */; };
		D688EFAC1FC92EEC009ADB57 /* ViewController.swift in Sources */ = {isa = PBXBuildFile; fileRef = D688EFAB1FC92EEC009ADB57 /* ViewController.swift */; };
		D688EFAF1FC92EEC009ADB57 /* Main.storyboard in Resources */ = {isa = PBXBuildFile; fileRef = D688EFAD1FC92EEC009ADB57 /* Main.storyboard */; };
		D688EFB21FC92EEC009ADB57 /* p2p.xcdatamodeld in Sources */ = {isa = PBXBuildFile; fileRef = D688EFB01FC92EEC009ADB57 /* p2p.xcdatamodeld */; };
		D688EFB41FC92EED009ADB57 /* Assets.xcassets in Resources */ = {isa = PBXBuildFile; fileRef = D688EFB31FC92EED009ADB57 /* Assets.xcassets */; };
		D688EFB71FC92EED009ADB57 /* LaunchScreen.storyboard in Resources */ = {isa = PBXBuildFile; fileRef = D688EFB51FC92EED009ADB57 /* LaunchScreen.storyboard */; };
/* End PBXBuildFile section */

/* Begin PBXFileReference section */
		D6119B571FCAA278002F00FC /* ja */ = {isa = PBXFileReference; lastKnownFileType = text.plist.strings; name = ja; path = ja.lproj/Main.strings; sourceTree = "<group>"; };
		D6119B581FCAA278002F00FC /* ja */ = {isa = PBXFileReference; lastKnownFileType = text.plist.strings; name = ja; path = ja.lproj/LaunchScreen.strings; sourceTree = "<group>"; };
		D688EFA61FC92EEC009ADB57 /* P2PChat.app */ = {isa = PBXFileReference; explicitFileType = wrapper.application; includeInIndex = 0; path = P2PChat.app; sourceTree = BUILT_PRODUCTS_DIR; };
		D688EFA91FC92EEC009ADB57 /* AppDelegate.swift */ = {isa = PBXFileReference; lastKnownFileType = sourcecode.swift; path = AppDelegate.swift; sourceTree = "<group>"; };
		D688EFAB1FC92EEC009ADB57 /* ViewController.swift */ = {isa = PBXFileReference; lastKnownFileType = sourcecode.swift; path = ViewController.swift; sourceTree = "<group>"; };
		D688EFAE1FC92EEC009ADB57 /* Base */ = {isa = PBXFileReference; lastKnownFileType = file.storyboard; name = Base; path = Base.lproj/Main.storyboard; sourceTree = "<group>"; };
		D688EFB11FC92EEC009ADB57 /* p2p.xcdatamodel */ = {isa = PBXFileReference; lastKnownFileType = wrapper.xcdatamodel; path = p2p.xcdatamodel; sourceTree = "<group>"; };
		D688EFB31FC92EED009ADB57 /* Assets.xcassets */ = {isa = PBXFileReference; lastKnownFileType = folder.assetcatalog; path = Assets.xcassets; sourceTree = "<group>"; };
		D688EFB61FC92EED009ADB57 /* Base */ = {isa = PBXFileReference; lastKnownFileType = file.storyboard; name = Base; path = Base.lproj/LaunchScreen.storyboard; sourceTree = "<group>"; };
		D688EFB81FC92EED009ADB57 /* Info.plist */ = {isa = PBXFileReference; lastKnownFileType = text.plist.xml; path = Info.plist; sourceTree = "<group>"; };
/* End PBXFileReference section */

/* Begin PBXFrameworksBuildPhase section */
		D688EFA31FC92EEC009ADB57 /* Frameworks */ = {
			isa = PBXFrameworksBuildPhase;
			buildActionMask = 2147483647;
			files = (
			);
			runOnlyForDeploymentPostprocessing = 0;
		};
/* End PBXFrameworksBuildPhase section */

/* Begin PBXGroup section */
		D688EF9D1FC92EEC009ADB57 = {
			isa = PBXGroup;
			children = (
				D688EFA81FC92EEC009ADB57 /* P2PChat */,
				D688EFA71FC92EEC009ADB57 /* Products */,
			);
			sourceTree = "<group>";
		};
		D688EFA71FC92EEC009ADB57 /* Products */ = {
			isa = PBXGroup;
			children = (
				D688EFA61FC92EEC009ADB57 /* P2PChat.app */,
			);
			name = Products;
			sourceTree = "<group>";
		};
		D688EFA81FC92EEC009ADB57 /* P2PChat */ = {
			isa = PBXGroup;
			children = (
				D688EFA91FC92EEC009ADB57 /* AppDelegate.swift */,
				D688EFAB1FC92EEC009ADB57 /* ViewController.swift */,
				D688EFAD1FC92EEC009ADB57 /* Main.storyboard */,
				D688EFB31FC92EED009ADB57 /* Assets.xcassets */,
				D688EFB51FC92EED009ADB57 /* LaunchScreen.storyboard */,
				D688EFB81FC92EED009ADB57 /* Info.plist */,
				D688EFB01FC92EEC009ADB57 /* p2p.xcdatamodeld */,
			);
			path = P2PChat;
			sourceTree = "<group>";
		};
/* End PBXGroup section */

/* Begin PBXNativeTarget section */
		D688EFA51FC92EEC009ADB57 /* P2PChat */ = {
			isa = PBXNativeTarget;
			buildConfigurationList = D688EFBB1FC92EED009ADB57 /* Build configuration list for PBXNativeTarget "P2PChat" */;
			buildPhases = (
				D688EFA21FC92EEC009ADB57 /* Sources */,
				D688EFA31FC92EEC009ADB57 /* Frameworks */,
				D688EFA41FC92EEC009ADB57 /* Resources */,
			);
			buildRules = (
			);
			dependencies = (
			);
			name = P2PChat;
			productName = p2p;
			productReference = D688EFA61FC92EEC009ADB57 /* P2PChat.app */;
			productType = "com.apple.product-type.application";
		};
/* End PBXNativeTarget section */

/* Begin PBXProject section */
		D688EF9E1FC92EEC009ADB57 /* Project object */ = {
			isa = PBXProject;
			attributes = {
				LastSwiftUpdateCheck = 0910;
				LastUpgradeCheck = 0910;
				ORGANIZATIONNAME = Yuta;
				TargetAttributes = {
					D688EFA51FC92EEC009ADB57 = {
						CreatedOnToolsVersion = 9.1;
						ProvisioningStyle = Automatic;
					};
				};
			};
			buildConfigurationList = D688EFA11FC92EEC009ADB57 /* Build configuration list for PBXProject "P2PChat" */;
			compatibilityVersion = "Xcode 8.0";
			developmentRegion = en;
			hasScannedForEncodings = 0;
			knownRegions = (
				en,
				Base,
			);
			mainGroup = D688EF9D1FC92EEC009ADB57;
			productRefGroup = D688EFA71FC92EEC009ADB57 /* Products */;
			projectDirPath = "";
			projectRoot = "";
			targets = (
				D688EFA51FC92EEC009ADB57 /* P2PChat */,
			);
		};
/* End PBXProject section */

/* Begin PBXResourcesBuildPhase section */
		D688EFA41FC92EEC009ADB57 /* Resources */ = {
			isa = PBXResourcesBuildPhase;
			buildActionMask = 2147483647;
			files = (
				D688EFB71FC92EED009ADB57 /* LaunchScreen.storyboard in Resources */,
				D688EFB41FC92EED009ADB57 /* Assets.xcassets in Resources */,
				D688EFAF1FC92EEC009ADB57 /* Main.storyboard in Resources */,
			);
			runOnlyForDeploymentPostprocessing = 0;
		};
/* End PBXResourcesBuildPhase section */

/* Begin PBXSourcesBuildPhase section */
		D688EFA21FC92EEC009ADB57 /* Sources */ = {
			isa = PBXSourcesBuildPhase;
			buildActionMask = 2147483647;
			files = (
				D688EFB21FC92EEC009ADB57 /* p2p.xcdatamodeld in Sources */,
				D688EFAC1FC92EEC009ADB57 /* ViewController.swift in Sources */,
				D688EFAA1FC92EEC009ADB57 /* AppDelegate.swift in Sources */,
			);
			runOnlyForDeploymentPostprocessing = 0;
		};
/* End PBXSourcesBuildPhase section */

/* Begin PBXVariantGroup section */
		D688EFAD1FC92EEC009ADB57 /* Main.storyboard */ = {
			isa = PBXVariantGroup;
			children = (
				D688EFAE1FC92EEC009ADB57 /* Base */,
				D6119B571FCAA278002F00FC /* ja */,
			);
			name = Main.storyboard;
			sourceTree = "<group>";
		};
		D688EFB51FC92EED009ADB57 /* LaunchScreen.storyboard */ = {
			isa = PBXVariantGroup;
			children = (
				D688EFB61FC92EED009ADB57 /* Base */,
				D6119B581FCAA278002F00FC /* ja */,
			);
			name = LaunchScreen.storyboard;
			sourceTree = "<group>";
		};
/* End PBXVariantGroup section */

/* Begin XCBuildConfiguration section */
		D688EFB91FC92EED009ADB57 /* Debug */ = {
			isa = XCBuildConfiguration;
			buildSettings = {
				ALWAYS_SEARCH_USER_PATHS = NO;
				CLANG_ANALYZER_LOCALIZABILITY_NONLOCALIZED = YES;
				CLANG_ANALYZER_NONNULL = YES;
				CLANG_ANALYZER_NUMBER_OBJECT_CONVERSION = YES_AGGRESSIVE;
				CLANG_CXX_LANGUAGE_STANDARD = "gnu++14";
				CLANG_CXX_LIBRARY = "libc++";
				CLANG_ENABLE_MODULES = YES;
				CLANG_ENABLE_OBJC_ARC = YES;
				CLANG_WARN_BLOCK_CAPTURE_AUTORELEASING = YES;
				CLANG_WARN_BOOL_CONVERSION = YES;
				CLANG_WARN_COMMA = YES;
				CLANG_WARN_CONSTANT_CONVERSION = YES;
				CLANG_WARN_DIRECT_OBJC_ISA_USAGE = YES_ERROR;
				CLANG_WARN_DOCUMENTATION_COMMENTS = YES;
				CLANG_WARN_EMPTY_BODY = YES;
				CLANG_WARN_ENUM_CONVERSION = YES;
				CLANG_WARN_INFINITE_RECURSION = YES;
				CLANG_WARN_INT_CONVERSION = YES;
				CLANG_WARN_NON_LITERAL_NULL_CONVERSION = YES;
				CLANG_WARN_OBJC_LITERAL_CONVERSION = YES;
				CLANG_WARN_OBJC_ROOT_CLASS = YES_ERROR;
				CLANG_WARN_RANGE_LOOP_ANALYSIS = YES;
				CLANG_WARN_STRICT_PROTOTYPES = YES;
				CLANG_WARN_SUSPICIOUS_MOVE = YES;
				CLANG_WARN_UNGUARDED_AVAILABILITY = YES_AGGRESSIVE;
				CLANG_WARN_UNREACHABLE_CODE = YES;
				CLANG_WARN__DUPLICATE_METHOD_MATCH = YES;
				CODE_SIGN_IDENTITY = "iPhone Developer";
				COPY_PHASE_STRIP = NO;
				DEBUG_INFORMATION_FORMAT = dwarf;
				ENABLE_STRICT_OBJC_MSGSEND = YES;
				ENABLE_TESTABILITY = YES;
				GCC_C_LANGUAGE_STANDARD = gnu11;
				GCC_DYNAMIC_NO_PIC = NO;
				GCC_NO_COMMON_BLOCKS = YES;
				GCC_OPTIMIZATION_LEVEL = 0;
				GCC_PREPROCESSOR_DEFINITIONS = (
					"DEBUG=1",
					"$(inherited)",
				);
				GCC_WARN_64_TO_32_BIT_CONVERSION = YES;
				GCC_WARN_ABOUT_RETURN_TYPE = YES_ERROR;
				GCC_WARN_UNDECLARED_SELECTOR = YES;
				GCC_WARN_UNINITIALIZED_AUTOS = YES_AGGRESSIVE;
				GCC_WARN_UNUSED_FUNCTION = YES;
				GCC_WARN_UNUSED_VARIABLE = YES;
				IPHONEOS_DEPLOYMENT_TARGET = 11.1;
				MTL_ENABLE_DEBUG_INFO = YES;
				ONLY_ACTIVE_ARCH = YES;
				SDKROOT = iphoneos;
				SWIFT_ACTIVE_COMPILATION_CONDITIONS = DEBUG;
				SWIFT_OPTIMIZATION_LEVEL = "-Onone";
			};
			name = Debug;
		};
		D688EFBA1FC92EED009ADB57 /* Release */ = {
			isa = XCBuildConfiguration;
			buildSettings = {
				ALWAYS_SEARCH_USER_PATHS = NO;
				CLANG_ANALYZER_LOCALIZABILITY_NONLOCALIZED = YES;
				CLANG_ANALYZER_NONNULL = YES;
				CLANG_ANALYZER_NUMBER_OBJECT_CONVERSION = YES_AGGRESSIVE;
				CLANG_CXX_LANGUAGE_STANDARD = "gnu++14";
				CLANG_CXX_LIBRARY = "libc++";
				CLANG_ENABLE_MODULES = YES;
				CLANG_ENABLE_OBJC_ARC = YES;
				CLANG_WARN_BLOCK_CAPTURE_AUTORELEASING = YES;
				CLANG_WARN_BOOL_CONVERSION = YES;
				CLANG_WARN_COMMA = YES;
				CLANG_WARN_CONSTANT_CONVERSION = YES;
				CLANG_WARN_DIRECT_OBJC_ISA_USAGE = YES_ERROR;
				CLANG_WARN_DOCUMENTATION_COMMENTS = YES;
				CLANG_WARN_EMPTY_BODY = YES;
				CLANG_WARN_ENUM_CONVERSION = YES;
				CLANG_WARN_INFINITE_RECURSION = YES;
				CLANG_WARN_INT_CONVERSION = YES;
				CLANG_WARN_NON_LITERAL_NULL_CONVERSION = YES;
				CLANG_WARN_OBJC_LITERAL_CONVERSION = YES;
				CLANG_WARN_OBJC_ROOT_CLASS = YES_ERROR;
				CLANG_WARN_RANGE_LOOP_ANALYSIS = YES;
				CLANG_WARN_STRICT_PROTOTYPES = YES;
				CLANG_WARN_SUSPICIOUS_MOVE = YES;
				CLANG_WARN_UNGUARDED_AVAILABILITY = YES_AGGRESSIVE;
				CLANG_WARN_UNREACHABLE_CODE = YES;
				CLANG_WARN__DUPLICATE_METHOD_MATCH = YES;
				CODE_SIGN_IDENTITY = "iPhone Developer";
				COPY_PHASE_STRIP = NO;
				DEBUG_INFORMATION_FORMAT = "dwarf-with-dsym";
				ENABLE_NS_ASSERTIONS = NO;
				ENABLE_STRICT_OBJC_MSGSEND = YES;
				GCC_C_LANGUAGE_STANDARD = gnu11;
				GCC_NO_COMMON_BLOCKS = YES;
				GCC_WARN_64_TO_32_BIT_CONVERSION = YES;
				GCC_WARN_ABOUT_RETURN_TYPE = YES_ERROR;
				GCC_WARN_UNDECLARED_SELECTOR = YES;
				GCC_WARN_UNINITIALIZED_AUTOS = YES_AGGRESSIVE;
				GCC_WARN_UNUSED_FUNCTION = YES;
				GCC_WARN_UNUSED_VARIABLE = YES;
				IPHONEOS_DEPLOYMENT_TARGET = 11.1;
				MTL_ENABLE_DEBUG_INFO = NO;
				SDKROOT = iphoneos;
				SWIFT_OPTIMIZATION_LEVEL = "-Owholemodule";
				VALIDATE_PRODUCT = YES;
			};
			name = Release;
		};
		D688EFBC1FC92EED009ADB57 /* Debug */ = {
			isa = XCBuildConfiguration;
			buildSettings = {
				ASSETCATALOG_COMPILER_APPICON_NAME = AppIcon;
				CODE_SIGN_STYLE = Automatic;
				DEVELOPMENT_TEAM = N49YV76SV7;
				INFOPLIST_FILE = "$(SRCROOT)/P2PChat/Info.plist";
				IPHONEOS_DEPLOYMENT_TARGET = 10.0;
				LD_RUNPATH_SEARCH_PATHS = "$(inherited) @executable_path/Frameworks";
				PRODUCT_BUNDLE_IDENTIFIER = io.github.jpfaw.P2PChat;
				PRODUCT_NAME = "$(TARGET_NAME)";
				SWIFT_VERSION = 4.0;
				TARGETED_DEVICE_FAMILY = "1,2";
			};
			name = Debug;
		};
		D688EFBD1FC92EED009ADB57 /* Release */ = {
			isa = XCBuildConfiguration;
			buildSettings = {
				ASSETCATALOG_COMPILER_APPICON_NAME = AppIcon;
				CODE_SIGN_STYLE = Automatic;
				DEVELOPMENT_TEAM = N49YV76SV7;
				INFOPLIST_FILE = "$(SRCROOT)/P2PChat/Info.plist";
				IPHONEOS_DEPLOYMENT_TARGET = 10.0;
				LD_RUNPATH_SEARCH_PATHS = "$(inherited) @executable_path/Frameworks";
				PRODUCT_BUNDLE_IDENTIFIER = io.github.jpfaw.P2PChat;
				PRODUCT_NAME = "$(TARGET_NAME)";
				SWIFT_VERSION = 4.0;
				TARGETED_DEVICE_FAMILY = "1,2";
			};
			name = Release;
		};
/* End XCBuildConfiguration section */

/* Begin XCConfigurationList section */
		D688EFA11FC92EEC009ADB57 /* Build configuration list for PBXProject "P2PChat" */ = {
			isa = XCConfigurationList;
			buildConfigurations = (
				D688EFB91FC92EED009ADB57 /* Debug */,
				D688EFBA1FC92EED009ADB57 /* Release */,
			);
			defaultConfigurationIsVisible = 0;
			defaultConfigurationName = Release;
		};
		D688EFBB1FC92EED009ADB57 /* Build configuration list for PBXNativeTarget "P2PChat" */ = {
			isa = XCConfigurationList;
			buildConfigurations = (
				D688EFBC1FC92EED009ADB57 /* Debug */,
				D688EFBD1FC92EED009ADB57 /* Release */,
			);
			defaultConfigurationIsVisible = 0;
			defaultConfigurationName = Release;
		};
/* End XCConfigurationList section */

/* Begin XCVersionGroup section */
		D688EFB01FC92EEC009ADB57 /* p2p.xcdatamodeld */ = {
			isa = XCVersionGroup;
			children = (
				D688EFB11FC92EEC009ADB57 /* p2p.xcdatamodel */,
			);
			currentVersion = D688EFB11FC92EEC009ADB57 /* p2p.xcdatamodel */;
			path = p2p.xcdatamodeld;
			sourceTree = "<group>";
			versionGroupType = wrapper.xcdatamodel;
		};
/* End XCVersionGroup section */
	};
	rootObject = D688EF9E1FC92EEC009ADB57 /* Project object */;
}
